// !$*UTF8*$!
{
	archiveVersion = 1;
	classes = {
	};
	objectVersion = 50;
	objects = {

/* Begin PBXBuildFile section */
		7B26481420F376120055EB2C /* RfidActiveApiSensorLibObjC.framework in Frameworks */ = {isa = PBXBuildFile; fileRef = 7B26481320F375FC0055EB2C /* RfidActiveApiSensorLibObjC.framework */; };
		7B26481520F376120055EB2C /* RfidActiveApiSensorLibObjC.framework in Embed Frameworks */ = {isa = PBXBuildFile; fileRef = 7B26481320F375FC0055EB2C /* RfidActiveApiSensorLibObjC.framework */; settings = {ATTRIBUTES = (CodeSignOnCopy, RemoveHeadersOnCopy, ); }; };
		7B2C41F320E64F4A00AB0F5A /* AppDelegate.m in Sources */ = {isa = PBXBuildFile; fileRef = 7B2C41F220E64F4A00AB0F5A /* AppDelegate.m */; };
		7B2C41F620E64F4A00AB0F5A /* ViewController.m in Sources */ = {isa = PBXBuildFile; fileRef = 7B2C41F520E64F4A00AB0F5A /* ViewController.m */; };
		7B2C41F920E64F4A00AB0F5A /* Main.storyboard in Resources */ = {isa = PBXBuildFile; fileRef = 7B2C41F720E64F4A00AB0F5A /* Main.storyboard */; };
		7B2C41FB20E64F4D00AB0F5A /* Assets.xcassets in Resources */ = {isa = PBXBuildFile; fileRef = 7B2C41FA20E64F4D00AB0F5A /* Assets.xcassets */; };
		7B2C41FE20E64F4D00AB0F5A /* LaunchScreen.storyboard in Resources */ = {isa = PBXBuildFile; fileRef = 7B2C41FC20E64F4D00AB0F5A /* LaunchScreen.storyboard */; };
		7B2C420120E64F4D00AB0F5A /* main.m in Sources */ = {isa = PBXBuildFile; fileRef = 7B2C420020E64F4D00AB0F5A /* main.m */; };
		7BB4D7AD20E659F3006EE563 /* TxRxLib.framework in Frameworks */ = {isa = PBXBuildFile; fileRef = 7BB4D7AC20E659F3006EE563 /* TxRxLib.framework */; };
		7BB4D7AE20E659F3006EE563 /* TxRxLib.framework in Embed Frameworks */ = {isa = PBXBuildFile; fileRef = 7BB4D7AC20E659F3006EE563 /* TxRxLib.framework */; settings = {ATTRIBUTES = (CodeSignOnCopy, RemoveHeadersOnCopy, ); }; };
/* End PBXBuildFile section */

/* Begin PBXContainerItemProxy section */
		7B26481220F375FC0055EB2C /* PBXContainerItemProxy */ = {
			isa = PBXContainerItemProxy;
			containerPortal = 7B26480D20F375FB0055EB2C /* RfidActiveApiSensorLibObjC.xcodeproj */;
			proxyType = 2;
			remoteGlobalIDString = 7BB4D7BC20E65ABC006EE563;
			remoteInfo = RfidActiveApiSensorLibObjC;
		};
		7B26481620F376120055EB2C /* PBXContainerItemProxy */ = {
			isa = PBXContainerItemProxy;
			containerPortal = 7B26480D20F375FB0055EB2C /* RfidActiveApiSensorLibObjC.xcodeproj */;
			proxyType = 1;
			remoteGlobalIDString = 7BB4D7BB20E65ABC006EE563;
			remoteInfo = RfidActiveApiSensorLibObjC;
		};
/* End PBXContainerItemProxy section */

/* Begin PBXCopyFilesBuildPhase section */
		7BB4D7AB20E659F1006EE563 /* Embed Frameworks */ = {
			isa = PBXCopyFilesBuildPhase;
			buildActionMask = 2147483647;
			dstPath = "";
			dstSubfolderSpec = 10;
			files = (
				7B26481520F376120055EB2C /* RfidActiveApiSensorLibObjC.framework in Embed Frameworks */,
				7BB4D7AE20E659F3006EE563 /* TxRxLib.framework in Embed Frameworks */,
			);
			name = "Embed Frameworks";
			runOnlyForDeploymentPostprocessing = 0;
		};
/* End PBXCopyFilesBuildPhase section */

/* Begin PBXFileReference section */
		7B26480D20F375FB0055EB2C /* RfidActiveApiSensorLibObjC.xcodeproj */ = {isa = PBXFileReference; lastKnownFileType = "wrapper.pb-project"; name = RfidActiveApiSensorLibObjC.xcodeproj; path = "tt-sensor-active-api-lib-ios-objc/RfidActiveApiSensorLibObjC/RfidActiveApiSensorLibObjC.xcodeproj"; sourceTree = "<group>"; };
		7B2C41EE20E64F4A00AB0F5A /* RfidActiveApiSensorTestappIosObjC.app */ = {isa = PBXFileReference; explicitFileType = wrapper.application; includeInIndex = 0; path = RfidActiveApiSensorTestappIosObjC.app; sourceTree = BUILT_PRODUCTS_DIR; };
		7B2C41F120E64F4A00AB0F5A /* AppDelegate.h */ = {isa = PBXFileReference; lastKnownFileType = sourcecode.c.h; path = AppDelegate.h; sourceTree = "<group>"; };
		7B2C41F220E64F4A00AB0F5A /* AppDelegate.m */ = {isa = PBXFileReference; lastKnownFileType = sourcecode.c.objc; path = AppDelegate.m; sourceTree = "<group>"; };
		7B2C41F420E64F4A00AB0F5A /* ViewController.h */ = {isa = PBXFileReference; lastKnownFileType = sourcecode.c.h; path = ViewController.h; sourceTree = "<group>"; };
		7B2C41F520E64F4A00AB0F5A /* ViewController.m */ = {isa = PBXFileReference; lastKnownFileType = sourcecode.c.objc; path = ViewController.m; sourceTree = "<group>"; };
		7B2C41F820E64F4A00AB0F5A /* Base */ = {isa = PBXFileReference; lastKnownFileType = file.storyboard; name = Base; path = Base.lproj/Main.storyboard; sourceTree = "<group>"; };
		7B2C41FA20E64F4D00AB0F5A /* Assets.xcassets */ = {isa = PBXFileReference; lastKnownFileType = folder.assetcatalog; path = Assets.xcassets; sourceTree = "<group>"; };
		7B2C41FD20E64F4D00AB0F5A /* Base */ = {isa = PBXFileReference; lastKnownFileType = file.storyboard; name = Base; path = Base.lproj/LaunchScreen.storyboard; sourceTree = "<group>"; };
		7B2C41FF20E64F4D00AB0F5A /* Info.plist */ = {isa = PBXFileReference; lastKnownFileType = text.plist.xml; path = Info.plist; sourceTree = "<group>"; };
		7B2C420020E64F4D00AB0F5A /* main.m */ = {isa = PBXFileReference; lastKnownFileType = sourcecode.c.objc; path = main.m; sourceTree = "<group>"; };
		7BB4D7AC20E659F3006EE563 /* TxRxLib.framework */ = {isa = PBXFileReference; explicitFileType = wrapper.framework; path = TxRxLib.framework; sourceTree = BUILT_PRODUCTS_DIR; };
/* End PBXFileReference section */

/* Begin PBXFrameworksBuildPhase section */
		7B2C41EB20E64F4A00AB0F5A /* Frameworks */ = {
			isa = PBXFrameworksBuildPhase;
			buildActionMask = 2147483647;
			files = (
				7B26481420F376120055EB2C /* RfidActiveApiSensorLibObjC.framework in Frameworks */,
				7BB4D7AD20E659F3006EE563 /* TxRxLib.framework in Frameworks */,
			);
			runOnlyForDeploymentPostprocessing = 0;
		};
/* End PBXFrameworksBuildPhase section */

/* Begin PBXGroup section */
		7B26480E20F375FB0055EB2C /* Products */ = {
			isa = PBXGroup;
			children = (
				7B26481320F375FC0055EB2C /* RfidActiveApiSensorLibObjC.framework */,
			);
			name = Products;
			sourceTree = "<group>";
		};
		7B2C41E520E64F4A00AB0F5A = {
			isa = PBXGroup;
			children = (
				7B26480D20F375FB0055EB2C /* RfidActiveApiSensorLibObjC.xcodeproj */,
				7BB4D7AC20E659F3006EE563 /* TxRxLib.framework */,
				7B2C41F020E64F4A00AB0F5A /* RfidActiveApiSensorTestappIosObjC */,
				7B2C41EF20E64F4A00AB0F5A /* Products */,
			);
			sourceTree = "<group>";
		};
		7B2C41EF20E64F4A00AB0F5A /* Products */ = {
			isa = PBXGroup;
			children = (
				7B2C41EE20E64F4A00AB0F5A /* RfidActiveApiSensorTestappIosObjC.app */,
			);
			name = Products;
			sourceTree = "<group>";
		};
		7B2C41F020E64F4A00AB0F5A /* RfidActiveApiSensorTestappIosObjC */ = {
			isa = PBXGroup;
			children = (
				7B2C41F120E64F4A00AB0F5A /* AppDelegate.h */,
				7B2C41F220E64F4A00AB0F5A /* AppDelegate.m */,
				7B2C41F420E64F4A00AB0F5A /* ViewController.h */,
				7B2C41F520E64F4A00AB0F5A /* ViewController.m */,
				7B2C41F720E64F4A00AB0F5A /* Main.storyboard */,
				7B2C41FA20E64F4D00AB0F5A /* Assets.xcassets */,
				7B2C41FC20E64F4D00AB0F5A /* LaunchScreen.storyboard */,
				7B2C41FF20E64F4D00AB0F5A /* Info.plist */,
				7B2C420020E64F4D00AB0F5A /* main.m */,
			);
			path = RfidActiveApiSensorTestappIosObjC;
			sourceTree = "<group>";
		};
/* End PBXGroup section */

/* Begin PBXNativeTarget section */
		7B2C41ED20E64F4A00AB0F5A /* RfidActiveApiSensorTestappIosObjC */ = {
			isa = PBXNativeTarget;
			buildConfigurationList = 7B2C420420E64F4D00AB0F5A /* Build configuration list for PBXNativeTarget "RfidActiveApiSensorTestappIosObjC" */;
			buildPhases = (
				7B2C41EA20E64F4A00AB0F5A /* Sources */,
				7B2C41EB20E64F4A00AB0F5A /* Frameworks */,
				7B2C41EC20E64F4A00AB0F5A /* Resources */,
				7BB4D7AB20E659F1006EE563 /* Embed Frameworks */,
			);
			buildRules = (
			);
			dependencies = (
				7B26481720F376120055EB2C /* PBXTargetDependency */,
			);
			name = RfidActiveApiSensorTestappIosObjC;
			productName = RfidActiveApiSensorTestappIosObjC;
			productReference = 7B2C41EE20E64F4A00AB0F5A /* RfidActiveApiSensorTestappIosObjC.app */;
			productType = "com.apple.product-type.application";
		};
/* End PBXNativeTarget section */

/* Begin PBXProject section */
		7B2C41E620E64F4A00AB0F5A /* Project object */ = {
			isa = PBXProject;
			attributes = {
				LastUpgradeCheck = 0940;
				ORGANIZATIONNAME = Tertium;
				TargetAttributes = {
					7B2C41ED20E64F4A00AB0F5A = {
						CreatedOnToolsVersion = 9.4.1;
					};
				};
			};
			buildConfigurationList = 7B2C41E920E64F4A00AB0F5A /* Build configuration list for PBXProject "RfidActiveApiSensorTestappIosObjC" */;
			compatibilityVersion = "Xcode 9.3";
			developmentRegion = en;
			hasScannedForEncodings = 0;
			knownRegions = (
				en,
				Base,
			);
			mainGroup = 7B2C41E520E64F4A00AB0F5A;
			productRefGroup = 7B2C41EF20E64F4A00AB0F5A /* Products */;
			projectDirPath = "";
			projectReferences = (
				{
					ProductGroup = 7B26480E20F375FB0055EB2C /* Products */;
					ProjectRef = 7B26480D20F375FB0055EB2C /* RfidActiveApiSensorLibObjC.xcodeproj */;
				},
			);
			projectRoot = "";
			targets = (
				7B2C41ED20E64F4A00AB0F5A /* RfidActiveApiSensorTestappIosObjC */,
			);
		};
/* End PBXProject section */

/* Begin PBXReferenceProxy section */
		7B26481320F375FC0055EB2C /* RfidActiveApiSensorLibObjC.framework */ = {
			isa = PBXReferenceProxy;
			fileType = wrapper.framework;
			path = RfidActiveApiSensorLibObjC.framework;
			remoteRef = 7B26481220F375FC0055EB2C /* PBXContainerItemProxy */;
			sourceTree = BUILT_PRODUCTS_DIR;
		};
/* End PBXReferenceProxy section */

/* Begin PBXResourcesBuildPhase section */
		7B2C41EC20E64F4A00AB0F5A /* Resources */ = {
			isa = PBXResourcesBuildPhase;
			buildActionMask = 2147483647;
			files = (
				7B2C41FE20E64F4D00AB0F5A /* LaunchScreen.storyboard in Resources */,
				7B2C41FB20E64F4D00AB0F5A /* Assets.xcassets in Resources */,
				7B2C41F920E64F4A00AB0F5A /* Main.storyboard in Resources */,
			);
			runOnlyForDeploymentPostprocessing = 0;
		};
/* End PBXResourcesBuildPhase section */

/* Begin PBXSourcesBuildPhase section */
		7B2C41EA20E64F4A00AB0F5A /* Sources */ = {
			isa = PBXSourcesBuildPhase;
			buildActionMask = 2147483647;
			files = (
				7B2C41F620E64F4A00AB0F5A /* ViewController.m in Sources */,
				7B2C420120E64F4D00AB0F5A /* main.m in Sources */,
				7B2C41F320E64F4A00AB0F5A /* AppDelegate.m in Sources */,
			);
			runOnlyForDeploymentPostprocessing = 0;
		};
/* End PBXSourcesBuildPhase section */

/* Begin PBXTargetDependency section */
		7B26481720F376120055EB2C /* PBXTargetDependency */ = {
			isa = PBXTargetDependency;
			name = RfidActiveApiSensorLibObjC;
			targetProxy = 7B26481620F376120055EB2C /* PBXContainerItemProxy */;
		};
/* End PBXTargetDependency section */

/* Begin PBXVariantGroup section */
		7B2C41F720E64F4A00AB0F5A /* Main.storyboard */ = {
			isa = PBXVariantGroup;
			children = (
				7B2C41F820E64F4A00AB0F5A /* Base */,
			);
			name = Main.storyboard;
			sourceTree = "<group>";
		};
		7B2C41FC20E64F4D00AB0F5A /* LaunchScreen.storyboard */ = {
			isa = PBXVariantGroup;
			children = (
				7B2C41FD20E64F4D00AB0F5A /* Base */,
			);
			name = LaunchScreen.storyboard;
			sourceTree = "<group>";
		};
/* End PBXVariantGroup section */

/* Begin XCBuildConfiguration section */
		7B2C420220E64F4D00AB0F5A /* Debug */ = {
			isa = XCBuildConfiguration;
			buildSettings = {
				ALWAYS_SEARCH_USER_PATHS = NO;
				CLANG_ANALYZER_NONNULL = YES;
				CLANG_ANALYZER_NUMBER_OBJECT_CONVERSION = YES_AGGRESSIVE;
				CLANG_CXX_LANGUAGE_STANDARD = "gnu++14";
				CLANG_CXX_LIBRARY = "libc++";
				CLANG_ENABLE_MODULES = YES;
				CLANG_ENABLE_OBJC_ARC = YES;
				CLANG_ENABLE_OBJC_WEAK = YES;
				CLANG_WARN_BLOCK_CAPTURE_AUTORELEASING = YES;
				CLANG_WARN_BOOL_CONVERSION = YES;
				CLANG_WARN_COMMA = YES;
				CLANG_WARN_CONSTANT_CONVERSION = YES;
				CLANG_WARN_DEPRECATED_OBJC_IMPLEMENTATIONS = YES;
				CLANG_WARN_DIRECT_OBJC_ISA_USAGE = YES_ERROR;
				CLANG_WARN_DOCUMENTATION_COMMENTS = YES;
				CLANG_WARN_EMPTY_BODY = YES;
				CLANG_WARN_ENUM_CONVERSION = YES;
				CLANG_WARN_INFINITE_RECURSION = YES;
				CLANG_WARN_INT_CONVERSION = YES;
				CLANG_WARN_NON_LITERAL_NULL_CONVERSION = YES;
				CLANG_WARN_OBJC_IMPLICIT_RETAIN_SELF = YES;
				CLANG_WARN_OBJC_LITERAL_CONVERSION = YES;
				CLANG_WARN_OBJC_ROOT_CLASS = YES_ERROR;
				CLANG_WARN_RANGE_LOOP_ANALYSIS = YES;
				CLANG_WARN_STRICT_PROTOTYPES = YES;
				CLANG_WARN_SUSPICIOUS_MOVE = YES;
				CLANG_WARN_UNGUARDED_AVAILABILITY = YES_AGGRESSIVE;
				CLANG_WARN_UNREACHABLE_CODE = YES;
				CLANG_WARN__DUPLICATE_METHOD_MATCH = YES;
				CODE_SIGN_IDENTITY = "iPhone Developer";
				COPY_PHASE_STRIP = NO;
				DEBUG_INFORMATION_FORMAT = dwarf;
				ENABLE_STRICT_OBJC_MSGSEND = YES;
				ENABLE_TESTABILITY = YES;
				GCC_C_LANGUAGE_STANDARD = gnu11;
				GCC_DYNAMIC_NO_PIC = NO;
				GCC_NO_COMMON_BLOCKS = YES;
				GCC_OPTIMIZATION_LEVEL = 0;
				GCC_PREPROCESSOR_DEFINITIONS = (
					"DEBUG=1",
					"$(inherited)",
				);
				GCC_WARN_64_TO_32_BIT_CONVERSION = YES;
				GCC_WARN_ABOUT_RETURN_TYPE = YES_ERROR;
				GCC_WARN_UNDECLARED_SELECTOR = YES;
				GCC_WARN_UNINITIALIZED_AUTOS = YES_AGGRESSIVE;
				GCC_WARN_UNUSED_FUNCTION = YES;
				GCC_WARN_UNUSED_VARIABLE = YES;
				IPHONEOS_DEPLOYMENT_TARGET = 8.0;
				MTL_ENABLE_DEBUG_INFO = YES;
				ONLY_ACTIVE_ARCH = NO;
				SDKROOT = iphoneos;
			};
			name = Debug;
		};
		7B2C420320E64F4D00AB0F5A /* Release */ = {
			isa = XCBuildConfiguration;
			buildSettings = {
				ALWAYS_SEARCH_USER_PATHS = NO;
				CLANG_ANALYZER_NONNULL = YES;
				CLANG_ANALYZER_NUMBER_OBJECT_CONVERSION = YES_AGGRESSIVE;
				CLANG_CXX_LANGUAGE_STANDARD = "gnu++14";
				CLANG_CXX_LIBRARY = "libc++";
				CLANG_ENABLE_MODULES = YES;
				CLANG_ENABLE_OBJC_ARC = YES;
				CLANG_ENABLE_OBJC_WEAK = YES;
				CLANG_WARN_BLOCK_CAPTURE_AUTORELEASING = YES;
				CLANG_WARN_BOOL_CONVERSION = YES;
				CLANG_WARN_COMMA = YES;
				CLANG_WARN_CONSTANT_CONVERSION = YES;
				CLANG_WARN_DEPRECATED_OBJC_IMPLEMENTATIONS = YES;
				CLANG_WARN_DIRECT_OBJC_ISA_USAGE = YES_ERROR;
				CLANG_WARN_DOCUMENTATION_COMMENTS = YES;
				CLANG_WARN_EMPTY_BODY = YES;
				CLANG_WARN_ENUM_CONVERSION = YES;
				CLANG_WARN_INFINITE_RECURSION = YES;
				CLANG_WARN_INT_CONVERSION = YES;
				CLANG_WARN_NON_LITERAL_NULL_CONVERSION = YES;
				CLANG_WARN_OBJC_IMPLICIT_RETAIN_SELF = YES;
				CLANG_WARN_OBJC_LITERAL_CONVERSION = YES;
				CLANG_WARN_OBJC_ROOT_CLASS = YES_ERROR;
				CLANG_WARN_RANGE_LOOP_ANALYSIS = YES;
				CLANG_WARN_STRICT_PROTOTYPES = YES;
				CLANG_WARN_SUSPICIOUS_MOVE = YES;
				CLANG_WARN_UNGUARDED_AVAILABILITY = YES_AGGRESSIVE;
				CLANG_WARN_UNREACHABLE_CODE = YES;
				CLANG_WARN__DUPLICATE_METHOD_MATCH = YES;
				CODE_SIGN_IDENTITY = "iPhone Developer";
				COPY_PHASE_STRIP = NO;
				DEBUG_INFORMATION_FORMAT = "dwarf-with-dsym";
				ENABLE_NS_ASSERTIONS = NO;
				ENABLE_STRICT_OBJC_MSGSEND = YES;
				GCC_C_LANGUAGE_STANDARD = gnu11;
				GCC_NO_COMMON_BLOCKS = YES;
				GCC_WARN_64_TO_32_BIT_CONVERSION = YES;
				GCC_WARN_ABOUT_RETURN_TYPE = YES_ERROR;
				GCC_WARN_UNDECLARED_SELECTOR = YES;
				GCC_WARN_UNINITIALIZED_AUTOS = YES_AGGRESSIVE;
				GCC_WARN_UNUSED_FUNCTION = YES;
				GCC_WARN_UNUSED_VARIABLE = YES;
				IPHONEOS_DEPLOYMENT_TARGET = 8.0;
				MTL_ENABLE_DEBUG_INFO = NO;
				ONLY_ACTIVE_ARCH = NO;
				SDKROOT = iphoneos;
				VALIDATE_PRODUCT = YES;
			};
			name = Release;
		};
		7B2C420520E64F4D00AB0F5A /* Debug */ = {
			isa = XCBuildConfiguration;
			buildSettings = {
				ASSETCATALOG_COMPILER_APPICON_NAME = AppIcon;
				CODE_SIGN_STYLE = Automatic;
				DEVELOPMENT_TEAM = X7JRCRW493;
				INFOPLIST_FILE = RfidActiveApiSensorTestappIosObjC/Info.plist;
				LD_RUNPATH_SEARCH_PATHS = (
					"$(inherited)",
					"@executable_path/Frameworks",
				);
				PRODUCT_BUNDLE_IDENTIFIER = com.tertiumtechnology.RfidActiveApiSensorTestappIosObjC;
				PRODUCT_NAME = "$(TARGET_NAME)";
				TARGETED_DEVICE_FAMILY = "1,2";
			};
			name = Debug;
		};
		7B2C420620E64F4D00AB0F5A /* Release */ = {
			isa = XCBuildConfiguration;
			buildSettings = {
				ASSETCATALOG_COMPILER_APPICON_NAME = AppIcon;
				CODE_SIGN_STYLE = Automatic;
				DEVELOPMENT_TEAM = X7JRCRW493;
				INFOPLIST_FILE = RfidActiveApiSensorTestappIosObjC/Info.plist;
				LD_RUNPATH_SEARCH_PATHS = (
					"$(inherited)",
					"@executable_path/Frameworks",
				);
				PRODUCT_BUNDLE_IDENTIFIER = com.tertiumtechnology.RfidActiveApiSensorTestappIosObjC;
				PRODUCT_NAME = "$(TARGET_NAME)";
				TARGETED_DEVICE_FAMILY = "1,2";
			};
			name = Release;
		};
/* End XCBuildConfiguration section */

/* Begin XCConfigurationList section */
		7B2C41E920E64F4A00AB0F5A /* Build configuration list for PBXProject "RfidActiveApiSensorTestappIosObjC" */ = {
			isa = XCConfigurationList;
			buildConfigurations = (
				7B2C420220E64F4D00AB0F5A /* Debug */,
				7B2C420320E64F4D00AB0F5A /* Release */,
			);
			defaultConfigurationIsVisible = 0;
			defaultConfigurationName = Release;
		};
		7B2C420420E64F4D00AB0F5A /* Build configuration list for PBXNativeTarget "RfidActiveApiSensorTestappIosObjC" */ = {
			isa = XCConfigurationList;
			buildConfigurations = (
				7B2C420520E64F4D00AB0F5A /* Debug */,
				7B2C420620E64F4D00AB0F5A /* Release */,
			);
			defaultConfigurationIsVisible = 0;
			defaultConfigurationName = Release;
		};
/* End XCConfigurationList section */
	};
	rootObject = 7B2C41E620E64F4A00AB0F5A /* Project object */;
}
